
Microsoft Visual Studio Solution File, Format Version 12.00
# Visual Studio 15
VisualStudioVersion = 15.0.27428.2037
MinimumVisualStudioVersion = 10.0.40219.1
Project("{FAE04EC0-301F-11D3-BF4B-00C04F79EFBC}") = "SlackFilter", "SlackFilter\SlackFilter.csproj", "{8F610966-4D95-4C5A-A73E-154A7137A52A}"
EndProject
Global
	GlobalSection(SolutionConfigurationPlatforms) = preSolution
		Debug|Any CPU = Debug|Any CPU
		Release|Any CPU = Release|Any CPU
	EndGlobalSection
	GlobalSection(ProjectConfigurationPlatforms) = postSolution
		{8F610966-4D95-4C5A-A73E-154A7137A52A}.Debug|Any CPU.ActiveCfg = Debug|Any CPU
		{8F610966-4D95-4C5A-A73E-154A7137A52A}.Debug|Any CPU.Build.0 = Debug|Any CPU
		{8F610966-4D95-4C5A-A73E-154A7137A52A}.Release|Any CPU.ActiveCfg = Release|Any CPU
		{8F610966-4D95-4C5A-A73E-154A7137A52A}.Release|Any CPU.Build.0 = Release|Any CPU
	EndGlobalSection
	GlobalSection(SolutionProperties) = preSolution
		HideSolutionNode = FALSE
	EndGlobalSection
	GlobalSection(ExtensibilityGlobals) = postSolution
		SolutionGuid = {60BA4489-21EB-4587-858F-CF6E034818DF}
	EndGlobalSection
EndGlobal
